
Microsoft Visual Studio Solution File, Format Version 12.00
# Visual Studio Version 17
VisualStudioVersion = 17.5.33502.453
MinimumVisualStudioVersion = 10.0.40219.1
Project("{FAE04EC0-301F-11D3-BF4B-00C04F79EFBC}") = "Csharpsqlite", "C#sqlite\Csharpsqlite.csproj", "{5C5D6046-FC48-45B6-971F-76AAF62C4E46}"
EndProject
Global
	GlobalSection(SolutionConfigurationPlatforms) = preSolution
		Debug|Any CPU = Debug|Any CPU
		Release|Any CPU = Release|Any CPU
	EndGlobalSection
	GlobalSection(ProjectConfigurationPlatforms) = postSolution
		{5C5D6046-FC48-45B6-971F-76AAF62C4E46}.Debug|Any CPU.ActiveCfg = Debug|Any CPU
		{5C5D6046-FC48-45B6-971F-76AAF62C4E46}.Debug|Any CPU.Build.0 = Debug|Any CPU
		{5C5D6046-FC48-45B6-971F-76AAF62C4E46}.Release|Any CPU.ActiveCfg = Release|Any CPU
		{5C5D6046-FC48-45B6-971F-76AAF62C4E46}.Release|Any CPU.Build.0 = Release|Any CPU
	EndGlobalSection
	GlobalSection(SolutionProperties) = preSolution
		HideSolutionNode = FALSE
	EndGlobalSection
	GlobalSection(ExtensibilityGlobals) = postSolution
		SolutionGuid = {023E8F26-60E0-46EF-A18E-948268975D08}
	EndGlobalSection
EndGlobal
